
Microsoft Visual Studio Solution File, Format Version 12.00
# Visual Studio Version 17
VisualStudioVersion = 17.8.34525.116
MinimumVisualStudioVersion = 10.0.40219.1
Project("{9A19103F-16F7-4668-BE54-9A1E7A4F7556}") = "BeersRepositoryLib", "BeersRepositoryLib\BeersRepositoryLib.csproj", "{F12AE870-9E9A-4504-9898-8FAFAD4471F5}"
EndProject
Project("{FAE04EC0-301F-11D3-BF4B-00C04F79EFBC}") = "BeersRepositoryLibTests", "BeersRepositoryLibTests\BeersRepositoryLibTests.csproj", "{5E68BB18-A940-4A32-99DF-D157BBAD558D}"
EndProject
Global
	GlobalSection(SolutionConfigurationPlatforms) = preSolution
		Debug|Any CPU = Debug|Any CPU
		Release|Any CPU = Release|Any CPU
	EndGlobalSection
	GlobalSection(ProjectConfigurationPlatforms) = postSolution
		{F12AE870-9E9A-4504-9898-8FAFAD4471F5}.Debug|Any CPU.ActiveCfg = Debug|Any CPU
		{F12AE870-9E9A-4504-9898-8FAFAD4471F5}.Debug|Any CPU.Build.0 = Debug|Any CPU
		{F12AE870-9E9A-4504-9898-8FAFAD4471F5}.Release|Any CPU.ActiveCfg = Release|Any CPU
		{F12AE870-9E9A-4504-9898-8FAFAD4471F5}.Release|Any CPU.Build.0 = Release|Any CPU
		{5E68BB18-A940-4A32-99DF-D157BBAD558D}.Debug|Any CPU.ActiveCfg = Debug|Any CPU
		{5E68BB18-A940-4A32-99DF-D157BBAD558D}.Debug|Any CPU.Build.0 = Debug|Any CPU
		{5E68BB18-A940-4A32-99DF-D157BBAD558D}.Release|Any CPU.ActiveCfg = Release|Any CPU
		{5E68BB18-A940-4A32-99DF-D157BBAD558D}.Release|Any CPU.Build.0 = Release|Any CPU
	EndGlobalSection
	GlobalSection(SolutionProperties) = preSolution
		HideSolutionNode = FALSE
	EndGlobalSection
	GlobalSection(ExtensibilityGlobals) = postSolution
		SolutionGuid = {E62E8BA7-4C99-486C-AE94-B482580D1532}
	EndGlobalSection
EndGlobal
